
Microsoft Visual Studio Solution File, Format Version 12.00
# Visual Studio Version 17
VisualStudioVersion = 17.6.33815.320
MinimumVisualStudioVersion = 10.0.40219.1
Project("{FAE04EC0-301F-11D3-BF4B-00C04F79EFBC}") = "day6", "day6\day6.csproj", "{32B0FC8A-04B3-4F3F-875E-3D808AFF34D2}"
EndProject
Global
	GlobalSection(SolutionConfigurationPlatforms) = preSolution
		Debug|Any CPU = Debug|Any CPU
		Release|Any CPU = Release|Any CPU
	EndGlobalSection
	GlobalSection(ProjectConfigurationPlatforms) = postSolution
		{32B0FC8A-04B3-4F3F-875E-3D808AFF34D2}.Debug|Any CPU.ActiveCfg = Debug|Any CPU
		{32B0FC8A-04B3-4F3F-875E-3D808AFF34D2}.Debug|Any CPU.Build.0 = Debug|Any CPU
		{32B0FC8A-04B3-4F3F-875E-3D808AFF34D2}.Release|Any CPU.ActiveCfg = Release|Any CPU
		{32B0FC8A-04B3-4F3F-875E-3D808AFF34D2}.Release|Any CPU.Build.0 = Release|Any CPU
	EndGlobalSection
	GlobalSection(SolutionProperties) = preSolution
		HideSolutionNode = FALSE
	EndGlobalSection
	GlobalSection(ExtensibilityGlobals) = postSolution
		SolutionGuid = {F45990C4-7F43-45BD-9672-E1DE772CB426}
	EndGlobalSection
EndGlobal
