
Microsoft Visual Studio Solution File, Format Version 12.00
# Visual Studio Version 17
VisualStudioVersion = 17.6.33815.320
MinimumVisualStudioVersion = 10.0.40219.1
Project("{FAE04EC0-301F-11D3-BF4B-00C04F79EFBC}") = "day2", "day2\day2.csproj", "{2B6C2D5B-BDCD-4C19-B4A5-F0B9562C54F5}"
EndProject
Global
	GlobalSection(SolutionConfigurationPlatforms) = preSolution
		Debug|Any CPU = Debug|Any CPU
		Release|Any CPU = Release|Any CPU
	EndGlobalSection
	GlobalSection(ProjectConfigurationPlatforms) = postSolution
		{2B6C2D5B-BDCD-4C19-B4A5-F0B9562C54F5}.Debug|Any CPU.ActiveCfg = Debug|Any CPU
		{2B6C2D5B-BDCD-4C19-B4A5-F0B9562C54F5}.Debug|Any CPU.Build.0 = Debug|Any CPU
		{2B6C2D5B-BDCD-4C19-B4A5-F0B9562C54F5}.Release|Any CPU.ActiveCfg = Release|Any CPU
		{2B6C2D5B-BDCD-4C19-B4A5-F0B9562C54F5}.Release|Any CPU.Build.0 = Release|Any CPU
	EndGlobalSection
	GlobalSection(SolutionProperties) = preSolution
		HideSolutionNode = FALSE
	EndGlobalSection
	GlobalSection(ExtensibilityGlobals) = postSolution
		SolutionGuid = {F8C98351-5F2C-437E-9944-7082511FAD1F}
	EndGlobalSection
EndGlobal
